
Microsoft Visual Studio Solution File, Format Version 12.00
# Visual Studio 15
VisualStudioVersion = 15.0.28307.421
MinimumVisualStudioVersion = 10.0.40219.1
Project("{FAE04EC0-301F-11D3-BF4B-00C04F79EFBC}") = "Microscan_WPF", "Microscan_WPF\Microscan_WPF.csproj", "{FA4C56B7-FFF6-4C02-9A07-6EE6B4CF5192}"
EndProject
Global
	GlobalSection(SolutionConfigurationPlatforms) = preSolution
		Debug|Any CPU = Debug|Any CPU
		Release|Any CPU = Release|Any CPU
	EndGlobalSection
	GlobalSection(ProjectConfigurationPlatforms) = postSolution
		{FA4C56B7-FFF6-4C02-9A07-6EE6B4CF5192}.Debug|Any CPU.ActiveCfg = Debug|Any CPU
		{FA4C56B7-FFF6-4C02-9A07-6EE6B4CF5192}.Debug|Any CPU.Build.0 = Debug|Any CPU
		{FA4C56B7-FFF6-4C02-9A07-6EE6B4CF5192}.Release|Any CPU.ActiveCfg = Release|Any CPU
		{FA4C56B7-FFF6-4C02-9A07-6EE6B4CF5192}.Release|Any CPU.Build.0 = Release|Any CPU
	EndGlobalSection
	GlobalSection(SolutionProperties) = preSolution
		HideSolutionNode = FALSE
	EndGlobalSection
	GlobalSection(ExtensibilityGlobals) = postSolution
		SolutionGuid = {334E662F-10A8-43BE-B2B1-80D121ADAFBB}
	EndGlobalSection
EndGlobal
